
Microsoft Visual Studio Solution File, Format Version 12.00
# Visual Studio Version 16
VisualStudioVersion = 16.0.29613.14
MinimumVisualStudioVersion = 10.0.40219.1
Project("{FAE04EC0-301F-11D3-BF4B-00C04F79EFBC}") = "GlossaryTermApp", "GlossaryTermApp\GlossaryTermApp.csproj", "{EF477CE4-BEB1-4BA9-858A-AFF267E47423}"
EndProject
Project("{FAE04EC0-301F-11D3-BF4B-00C04F79EFBC}") = "TermLib", "TermLib\TermLib.csproj", "{5BED843A-1224-43E8-89C9-77F4C512F10F}"
EndProject
Global
	GlobalSection(SolutionConfigurationPlatforms) = preSolution
		Debug|Any CPU = Debug|Any CPU
		Release|Any CPU = Release|Any CPU
	EndGlobalSection
	GlobalSection(ProjectConfigurationPlatforms) = postSolution
		{EF477CE4-BEB1-4BA9-858A-AFF267E47423}.Debug|Any CPU.ActiveCfg = Debug|Any CPU
		{EF477CE4-BEB1-4BA9-858A-AFF267E47423}.Debug|Any CPU.Build.0 = Debug|Any CPU
		{EF477CE4-BEB1-4BA9-858A-AFF267E47423}.Release|Any CPU.ActiveCfg = Release|Any CPU
		{EF477CE4-BEB1-4BA9-858A-AFF267E47423}.Release|Any CPU.Build.0 = Release|Any CPU
		{5BED843A-1224-43E8-89C9-77F4C512F10F}.Debug|Any CPU.ActiveCfg = Debug|Any CPU
		{5BED843A-1224-43E8-89C9-77F4C512F10F}.Debug|Any CPU.Build.0 = Debug|Any CPU
		{5BED843A-1224-43E8-89C9-77F4C512F10F}.Release|Any CPU.ActiveCfg = Release|Any CPU
		{5BED843A-1224-43E8-89C9-77F4C512F10F}.Release|Any CPU.Build.0 = Release|Any CPU
	EndGlobalSection
	GlobalSection(SolutionProperties) = preSolution
		HideSolutionNode = FALSE
	EndGlobalSection
	GlobalSection(ExtensibilityGlobals) = postSolution
		SolutionGuid = {5195ED70-EFCF-430E-8178-997C3C129EF4}
	EndGlobalSection
EndGlobal
