
Microsoft Visual Studio Solution File, Format Version 12.00
# Visual Studio Version 16
VisualStudioVersion = 16.0.29613.14
MinimumVisualStudioVersion = 10.0.40219.1
Project("{FAE04EC0-301F-11D3-BF4B-00C04F79EFBC}") = "GlossaryTermApp", "GlossaryTermApp\GlossaryTermApp.csproj", "{EF477CE4-BEB1-4BA9-858A-AFF267E47423}"
EndProject
Project("{FAE04EC0-301F-11D3-BF4B-00C04F79EFBC}") = "TermLib", "TermLib\TermLib.csproj", "{5BED843A-1224-43E8-89C9-77F4C512F10F}"
EndProject
Project("{FAE04EC0-301F-11D3-BF4B-00C04F79EFBC}") = "SerializerLib", "Serializer\SerializerLib.csproj", "{C8B8A60B-F661-4098-9EC0-859F7ADB625C}"
EndProject
Project("{FAE04EC0-301F-11D3-BF4B-00C04F79EFBC}") = "Test", "Test\Test.csproj", "{14EFF900-B530-416C-BFD1-3FB1832B4A93}"
EndProject
Project("{FAE04EC0-301F-11D3-BF4B-00C04F79EFBC}") = "PdfSaver", "PdfSaver\PdfSaver.csproj", "{6BD2EC8E-7594-4BF6-8934-187031BE9C44}"
EndProject
Project("{FAE04EC0-301F-11D3-BF4B-00C04F79EFBC}") = "FillGame", "WordSkipGame\FillGame.csproj", "{100EE1B9-A373-488C-B6C4-A474C43C0D52}"
EndProject
Global
	GlobalSection(SolutionConfigurationPlatforms) = preSolution
		Debug|Any CPU = Debug|Any CPU
		Release|Any CPU = Release|Any CPU
	EndGlobalSection
	GlobalSection(ProjectConfigurationPlatforms) = postSolution
		{EF477CE4-BEB1-4BA9-858A-AFF267E47423}.Debug|Any CPU.ActiveCfg = Debug|Any CPU
		{EF477CE4-BEB1-4BA9-858A-AFF267E47423}.Debug|Any CPU.Build.0 = Debug|Any CPU
		{EF477CE4-BEB1-4BA9-858A-AFF267E47423}.Release|Any CPU.ActiveCfg = Release|Any CPU
		{EF477CE4-BEB1-4BA9-858A-AFF267E47423}.Release|Any CPU.Build.0 = Release|Any CPU
		{5BED843A-1224-43E8-89C9-77F4C512F10F}.Debug|Any CPU.ActiveCfg = Debug|Any CPU
		{5BED843A-1224-43E8-89C9-77F4C512F10F}.Debug|Any CPU.Build.0 = Debug|Any CPU
		{5BED843A-1224-43E8-89C9-77F4C512F10F}.Release|Any CPU.ActiveCfg = Release|Any CPU
		{5BED843A-1224-43E8-89C9-77F4C512F10F}.Release|Any CPU.Build.0 = Release|Any CPU
		{C8B8A60B-F661-4098-9EC0-859F7ADB625C}.Debug|Any CPU.ActiveCfg = Debug|Any CPU
		{C8B8A60B-F661-4098-9EC0-859F7ADB625C}.Debug|Any CPU.Build.0 = Debug|Any CPU
		{C8B8A60B-F661-4098-9EC0-859F7ADB625C}.Release|Any CPU.ActiveCfg = Release|Any CPU
		{C8B8A60B-F661-4098-9EC0-859F7ADB625C}.Release|Any CPU.Build.0 = Release|Any CPU
		{14EFF900-B530-416C-BFD1-3FB1832B4A93}.Debug|Any CPU.ActiveCfg = Debug|Any CPU
		{14EFF900-B530-416C-BFD1-3FB1832B4A93}.Debug|Any CPU.Build.0 = Debug|Any CPU
		{14EFF900-B530-416C-BFD1-3FB1832B4A93}.Release|Any CPU.ActiveCfg = Release|Any CPU
		{14EFF900-B530-416C-BFD1-3FB1832B4A93}.Release|Any CPU.Build.0 = Release|Any CPU
		{6BD2EC8E-7594-4BF6-8934-187031BE9C44}.Debug|Any CPU.ActiveCfg = Debug|Any CPU
		{6BD2EC8E-7594-4BF6-8934-187031BE9C44}.Debug|Any CPU.Build.0 = Debug|Any CPU
		{6BD2EC8E-7594-4BF6-8934-187031BE9C44}.Release|Any CPU.ActiveCfg = Release|Any CPU
		{6BD2EC8E-7594-4BF6-8934-187031BE9C44}.Release|Any CPU.Build.0 = Release|Any CPU
		{100EE1B9-A373-488C-B6C4-A474C43C0D52}.Debug|Any CPU.ActiveCfg = Debug|Any CPU
		{100EE1B9-A373-488C-B6C4-A474C43C0D52}.Debug|Any CPU.Build.0 = Debug|Any CPU
		{100EE1B9-A373-488C-B6C4-A474C43C0D52}.Release|Any CPU.ActiveCfg = Release|Any CPU
		{100EE1B9-A373-488C-B6C4-A474C43C0D52}.Release|Any CPU.Build.0 = Release|Any CPU
	EndGlobalSection
	GlobalSection(SolutionProperties) = preSolution
		HideSolutionNode = FALSE
	EndGlobalSection
	GlobalSection(ExtensibilityGlobals) = postSolution
		SolutionGuid = {5195ED70-EFCF-430E-8178-997C3C129EF4}
	EndGlobalSection
EndGlobal
